
Microsoft Visual Studio Solution File, Format Version 12.00
# Visual Studio Version 17
VisualStudioVersion = 17.2.32519.379
MinimumVisualStudioVersion = 10.0.40219.1
Project("{9A19103F-16F7-4668-BE54-9A1E7A4F7556}") = "DoctorApi-Server", "WebApi-Server\DoctorApi-Server.csproj", "{E82ECDB6-16AB-4290-A712-D44A4488DDD1}"
EndProject
Project("{9A19103F-16F7-4668-BE54-9A1E7A4F7556}") = "DoctorApi_Common", "WebApi_Common\DoctorApi_Common.csproj", "{C7604D24-6EC5-4514-AA52-98BC89AA39A4}"
EndProject
Global
	GlobalSection(SolutionConfigurationPlatforms) = preSolution
		Debug|Any CPU = Debug|Any CPU
		Release|Any CPU = Release|Any CPU
	EndGlobalSection
	GlobalSection(ProjectConfigurationPlatforms) = postSolution
		{E82ECDB6-16AB-4290-A712-D44A4488DDD1}.Debug|Any CPU.ActiveCfg = Debug|Any CPU
		{E82ECDB6-16AB-4290-A712-D44A4488DDD1}.Debug|Any CPU.Build.0 = Debug|Any CPU
		{E82ECDB6-16AB-4290-A712-D44A4488DDD1}.Release|Any CPU.ActiveCfg = Release|Any CPU
		{E82ECDB6-16AB-4290-A712-D44A4488DDD1}.Release|Any CPU.Build.0 = Release|Any CPU
		{C7604D24-6EC5-4514-AA52-98BC89AA39A4}.Debug|Any CPU.ActiveCfg = Debug|Any CPU
		{C7604D24-6EC5-4514-AA52-98BC89AA39A4}.Debug|Any CPU.Build.0 = Debug|Any CPU
		{C7604D24-6EC5-4514-AA52-98BC89AA39A4}.Release|Any CPU.ActiveCfg = Release|Any CPU
		{C7604D24-6EC5-4514-AA52-98BC89AA39A4}.Release|Any CPU.Build.0 = Release|Any CPU
	EndGlobalSection
	GlobalSection(SolutionProperties) = preSolution
		HideSolutionNode = FALSE
	EndGlobalSection
	GlobalSection(ExtensibilityGlobals) = postSolution
		SolutionGuid = {DF12A14C-0481-44C3-830E-50AE3CC10C29}
	EndGlobalSection
EndGlobal
